
Microsoft Visual Studio Solution File, Format Version 12.00
# Visual Studio Version 17
VisualStudioVersion = 17.0.31903.59
MinimumVisualStudioVersion = 10.0.40219.1
Project("{2150E333-8FDC-42A3-9474-1A3956D46DE8}") = "src", "src", "{877A2074-ABF8-48AB-B182-DF35D051292B}"
EndProject
Project("{FAE04EC0-301F-11D3-BF4B-00C04F79EFBC}") = "AsepriteDotNet", "src\AsepriteDotNet\AsepriteDotNet.csproj", "{9DE551AA-9A07-466D-9B76-EBCA2F3F6233}"
EndProject
Project("{2150E333-8FDC-42A3-9474-1A3956D46DE8}") = "tests", "tests", "{247A35A5-03DD-4050-AE08-B8C24A52BB72}"
EndProject
Project("{FAE04EC0-301F-11D3-BF4B-00C04F79EFBC}") = "AsepriteDotNet.Tests", "tests\AsepriteDotNet.Tests\AsepriteDotNet.Tests.csproj", "{76868373-30A4-47D3-9A9D-90EB85E7934D}"
EndProject
Global
	GlobalSection(SolutionConfigurationPlatforms) = preSolution
		Debug|Any CPU = Debug|Any CPU
		Release|Any CPU = Release|Any CPU
	EndGlobalSection
	GlobalSection(SolutionProperties) = preSolution
		HideSolutionNode = FALSE
	EndGlobalSection
	GlobalSection(ProjectConfigurationPlatforms) = postSolution
		{9DE551AA-9A07-466D-9B76-EBCA2F3F6233}.Debug|Any CPU.ActiveCfg = Debug|Any CPU
		{9DE551AA-9A07-466D-9B76-EBCA2F3F6233}.Debug|Any CPU.Build.0 = Debug|Any CPU
		{9DE551AA-9A07-466D-9B76-EBCA2F3F6233}.Release|Any CPU.ActiveCfg = Release|Any CPU
		{9DE551AA-9A07-466D-9B76-EBCA2F3F6233}.Release|Any CPU.Build.0 = Release|Any CPU
		{76868373-30A4-47D3-9A9D-90EB85E7934D}.Debug|Any CPU.ActiveCfg = Debug|Any CPU
		{76868373-30A4-47D3-9A9D-90EB85E7934D}.Debug|Any CPU.Build.0 = Debug|Any CPU
		{76868373-30A4-47D3-9A9D-90EB85E7934D}.Release|Any CPU.ActiveCfg = Release|Any CPU
		{76868373-30A4-47D3-9A9D-90EB85E7934D}.Release|Any CPU.Build.0 = Release|Any CPU
	EndGlobalSection
	GlobalSection(NestedProjects) = preSolution
		{9DE551AA-9A07-466D-9B76-EBCA2F3F6233} = {877A2074-ABF8-48AB-B182-DF35D051292B}
		{76868373-30A4-47D3-9A9D-90EB85E7934D} = {247A35A5-03DD-4050-AE08-B8C24A52BB72}
	EndGlobalSection
EndGlobal
