
Microsoft Visual Studio Solution File, Format Version 12.00
# Visual Studio Version 17
VisualStudioVersion = 17.0.31903.59
MinimumVisualStudioVersion = 10.0.40219.1
Project("{2150E333-8FDC-42A3-9474-1A3956D46DE8}") = "source", "source", "{B63FA11D-4B29-45F2-AAD9-BF489AEE7BAA}"
EndProject
Project("{FAE04EC0-301F-11D3-BF4B-00C04F79EFBC}") = "AsepriteDotNet", "source\AsepriteDotNet\AsepriteDotNet.csproj", "{18E8668C-4BF2-4F9B-8016-E1F22BD53BCA}"
EndProject
Project("{2150E333-8FDC-42A3-9474-1A3956D46DE8}") = "tests", "tests", "{5F219449-CE10-4DD9-BBE5-251720F3B5E3}"
EndProject
Project("{FAE04EC0-301F-11D3-BF4B-00C04F79EFBC}") = "AsepriteDotNet.Tests", "tests\AsepriteDotNet.Tests\AsepriteDotNet.Tests.csproj", "{A289C75E-0BCF-421F-AAE0-050F45AC4F4E}"
EndProject
Global
	GlobalSection(SolutionConfigurationPlatforms) = preSolution
		Debug|Any CPU = Debug|Any CPU
		Release|Any CPU = Release|Any CPU
	EndGlobalSection
	GlobalSection(SolutionProperties) = preSolution
		HideSolutionNode = FALSE
	EndGlobalSection
	GlobalSection(ProjectConfigurationPlatforms) = postSolution
		{18E8668C-4BF2-4F9B-8016-E1F22BD53BCA}.Debug|Any CPU.ActiveCfg = Debug|Any CPU
		{18E8668C-4BF2-4F9B-8016-E1F22BD53BCA}.Debug|Any CPU.Build.0 = Debug|Any CPU
		{18E8668C-4BF2-4F9B-8016-E1F22BD53BCA}.Release|Any CPU.ActiveCfg = Release|Any CPU
		{18E8668C-4BF2-4F9B-8016-E1F22BD53BCA}.Release|Any CPU.Build.0 = Release|Any CPU
		{A289C75E-0BCF-421F-AAE0-050F45AC4F4E}.Debug|Any CPU.ActiveCfg = Debug|Any CPU
		{A289C75E-0BCF-421F-AAE0-050F45AC4F4E}.Debug|Any CPU.Build.0 = Debug|Any CPU
		{A289C75E-0BCF-421F-AAE0-050F45AC4F4E}.Release|Any CPU.ActiveCfg = Release|Any CPU
		{A289C75E-0BCF-421F-AAE0-050F45AC4F4E}.Release|Any CPU.Build.0 = Release|Any CPU
	EndGlobalSection
	GlobalSection(NestedProjects) = preSolution
		{18E8668C-4BF2-4F9B-8016-E1F22BD53BCA} = {B63FA11D-4B29-45F2-AAD9-BF489AEE7BAA}
		{A289C75E-0BCF-421F-AAE0-050F45AC4F4E} = {5F219449-CE10-4DD9-BBE5-251720F3B5E3}
	EndGlobalSection
EndGlobal
