
Microsoft Visual Studio Solution File, Format Version 12.00
# Visual Studio Version 17
VisualStudioVersion = 17.0.31903.59
MinimumVisualStudioVersion = 10.0.40219.1
Project("{FAE04EC0-301F-11D3-BF4B-00C04F79EFBC}") = "AsepriteDotNet", "AsepriteDotNet\AsepriteDotNet.csproj", "{1D64A633-E9DF-451A-8DC3-28CC6118150F}"
EndProject
Project("{FAE04EC0-301F-11D3-BF4B-00C04F79EFBC}") = "AsepriteDotNet.Tests", "AsepriteDotNet.Tests\AsepriteDotNet.Tests.csproj", "{0C468952-122C-4BAF-BBA1-9D1BCF0AED38}"
EndProject
Project("{FAE04EC0-301F-11D3-BF4B-00C04F79EFBC}") = "SpritesheetSandbox", "SpritesheetSandbox\SpritesheetSandbox.csproj", "{49641EF6-B132-4AE0-A8CE-D6A21C4F921A}"
EndProject
Global
	GlobalSection(SolutionConfigurationPlatforms) = preSolution
		Debug|Any CPU = Debug|Any CPU
		Release|Any CPU = Release|Any CPU
	EndGlobalSection
	GlobalSection(SolutionProperties) = preSolution
		HideSolutionNode = FALSE
	EndGlobalSection
	GlobalSection(ProjectConfigurationPlatforms) = postSolution
		{1D64A633-E9DF-451A-8DC3-28CC6118150F}.Debug|Any CPU.ActiveCfg = Debug|Any CPU
		{1D64A633-E9DF-451A-8DC3-28CC6118150F}.Debug|Any CPU.Build.0 = Debug|Any CPU
		{1D64A633-E9DF-451A-8DC3-28CC6118150F}.Release|Any CPU.ActiveCfg = Release|Any CPU
		{1D64A633-E9DF-451A-8DC3-28CC6118150F}.Release|Any CPU.Build.0 = Release|Any CPU
		{0C468952-122C-4BAF-BBA1-9D1BCF0AED38}.Debug|Any CPU.ActiveCfg = Debug|Any CPU
		{0C468952-122C-4BAF-BBA1-9D1BCF0AED38}.Debug|Any CPU.Build.0 = Debug|Any CPU
		{0C468952-122C-4BAF-BBA1-9D1BCF0AED38}.Release|Any CPU.ActiveCfg = Release|Any CPU
		{0C468952-122C-4BAF-BBA1-9D1BCF0AED38}.Release|Any CPU.Build.0 = Release|Any CPU
		{49641EF6-B132-4AE0-A8CE-D6A21C4F921A}.Debug|Any CPU.ActiveCfg = Debug|Any CPU
		{49641EF6-B132-4AE0-A8CE-D6A21C4F921A}.Debug|Any CPU.Build.0 = Debug|Any CPU
		{49641EF6-B132-4AE0-A8CE-D6A21C4F921A}.Release|Any CPU.ActiveCfg = Release|Any CPU
		{49641EF6-B132-4AE0-A8CE-D6A21C4F921A}.Release|Any CPU.Build.0 = Release|Any CPU
	EndGlobalSection
EndGlobal
